
Microsoft Visual Studio Solution File, Format Version 9.00
# Visual Studio 2005
Project("{FAE04EC0-301F-11D3-BF4B-00C04F79EFBC}") = "JsonFx.Json", "JsonFx.Json\JsonFx.Json.csproj", "{3082284B-B579-4808-A4A4-D88DDA4025CB}"
	ProjectSection(WebsiteProperties) = preProject
		Debug.AspNetCompiler.Debug = "True"
		Release.AspNetCompiler.Debug = "False"
	EndProjectSection
EndProject
Project("{FAE04EC0-301F-11D3-BF4B-00C04F79EFBC}") = "JsonFx.Json.Test", "JsonFx.Json.Test\JsonFx.Json.Test.csproj", "{9B5FDC9F-54BE-4298-9FEB-8DA8394EB707}"
	ProjectSection(WebsiteProperties) = preProject
		Debug.AspNetCompiler.Debug = "True"
		Release.AspNetCompiler.Debug = "False"
	EndProjectSection
EndProject
Global
	GlobalSection(SolutionConfigurationPlatforms) = preSolution
		Debug|Any CPU = Debug|Any CPU
		Release|Any CPU = Release|Any CPU
	EndGlobalSection
	GlobalSection(ProjectConfigurationPlatforms) = postSolution
		{3082284B-B579-4808-A4A4-D88DDA4025CB}.Debug|Any CPU.ActiveCfg = Debug|Any CPU
		{3082284B-B579-4808-A4A4-D88DDA4025CB}.Debug|Any CPU.Build.0 = Debug|Any CPU
		{3082284B-B579-4808-A4A4-D88DDA4025CB}.Release|Any CPU.ActiveCfg = Release|Any CPU
		{3082284B-B579-4808-A4A4-D88DDA4025CB}.Release|Any CPU.Build.0 = Release|Any CPU
		{9B5FDC9F-54BE-4298-9FEB-8DA8394EB707}.Debug|Any CPU.ActiveCfg = Debug|Any CPU
		{9B5FDC9F-54BE-4298-9FEB-8DA8394EB707}.Debug|Any CPU.Build.0 = Debug|Any CPU
		{9B5FDC9F-54BE-4298-9FEB-8DA8394EB707}.Release|Any CPU.ActiveCfg = Release|Any CPU
		{9B5FDC9F-54BE-4298-9FEB-8DA8394EB707}.Release|Any CPU.Build.0 = Release|Any CPU
	EndGlobalSection
	GlobalSection(SolutionProperties) = preSolution
		HideSolutionNode = FALSE
	EndGlobalSection
EndGlobal
